
Microsoft Visual Studio Solution File, Format Version 12.00
Project("{FAE04EC0-301F-11D3-BF4B-00C04F79EFBC}") = "desktop", "desktop.csproj", "{8DC018E6-B00E-4E97-A723-11955C606295}"
EndProject
Global
	GlobalSection(SolutionConfigurationPlatforms) = preSolution
		Debug|Any CPU = Debug|Any CPU
		Release|Any CPU = Release|Any CPU
	EndGlobalSection
	GlobalSection(ProjectConfigurationPlatforms) = postSolution
		{8DC018E6-B00E-4E97-A723-11955C606295}.Debug|Any CPU.ActiveCfg = Debug|Any CPU
		{8DC018E6-B00E-4E97-A723-11955C606295}.Debug|Any CPU.Build.0 = Debug|Any CPU
		{8DC018E6-B00E-4E97-A723-11955C606295}.Release|Any CPU.ActiveCfg = Release|Any CPU
		{8DC018E6-B00E-4E97-A723-11955C606295}.Release|Any CPU.Build.0 = Release|Any CPU
	EndGlobalSection
EndGlobal
